
Microsoft Visual Studio Solution File, Format Version 12.00
# Visual Studio 2013
VisualStudioVersion = 12.0.31101.0
MinimumVisualStudioVersion = 10.0.40219.1
Project("{FAE04EC0-301F-11D3-BF4B-00C04F79EFBC}") = "OrganizerCore", "OrganizerCore\OrganizerCore.csproj", "{6AA0122F-DB72-4217-9457-54A4BD86280A}"
EndProject
Project("{FAE04EC0-301F-11D3-BF4B-00C04F79EFBC}") = "OrganizerCoreTest", "OrganizerCoreTest\OrganizerCoreTest.csproj", "{5963158C-882D-41C5-A524-163167DA7B84}"
EndProject
Global
	GlobalSection(SolutionConfigurationPlatforms) = preSolution
		Debug|Any CPU = Debug|Any CPU
		Release|Any CPU = Release|Any CPU
	EndGlobalSection
	GlobalSection(ProjectConfigurationPlatforms) = postSolution
		{6AA0122F-DB72-4217-9457-54A4BD86280A}.Debug|Any CPU.ActiveCfg = Debug|Any CPU
		{6AA0122F-DB72-4217-9457-54A4BD86280A}.Debug|Any CPU.Build.0 = Debug|Any CPU
		{6AA0122F-DB72-4217-9457-54A4BD86280A}.Release|Any CPU.ActiveCfg = Release|Any CPU
		{6AA0122F-DB72-4217-9457-54A4BD86280A}.Release|Any CPU.Build.0 = Release|Any CPU
		{5963158C-882D-41C5-A524-163167DA7B84}.Debug|Any CPU.ActiveCfg = Debug|Any CPU
		{5963158C-882D-41C5-A524-163167DA7B84}.Debug|Any CPU.Build.0 = Debug|Any CPU
		{5963158C-882D-41C5-A524-163167DA7B84}.Release|Any CPU.ActiveCfg = Release|Any CPU
		{5963158C-882D-41C5-A524-163167DA7B84}.Release|Any CPU.Build.0 = Release|Any CPU
	EndGlobalSection
	GlobalSection(SolutionProperties) = preSolution
		HideSolutionNode = FALSE
	EndGlobalSection
EndGlobal
